
Microsoft Visual Studio Solution File, Format Version 12.00
# Visual Studio Version 17
VisualStudioVersion = 17.6.33815.320
MinimumVisualStudioVersion = 10.0.40219.1
Project("{8BC9CEB8-8B4A-11D0-8D11-00A0C91BC942}") = "MT3-kamata-ver6", "MT3-kamata-ver6.vcxproj", "{85BA4390-DC3F-4909-9DBE-25E7B25EF512}"
EndProject
Global
	GlobalSection(SolutionConfigurationPlatforms) = preSolution
		Debug|x64 = Debug|x64
		Release|x64 = Release|x64
	EndGlobalSection
	GlobalSection(ProjectConfigurationPlatforms) = postSolution
		{85BA4390-DC3F-4909-9DBE-25E7B25EF512}.Debug|x64.ActiveCfg = Debug|x64
		{85BA4390-DC3F-4909-9DBE-25E7B25EF512}.Debug|x64.Build.0 = Debug|x64
		{85BA4390-DC3F-4909-9DBE-25E7B25EF512}.Release|x64.ActiveCfg = Release|x64
		{85BA4390-DC3F-4909-9DBE-25E7B25EF512}.Release|x64.Build.0 = Release|x64
	EndGlobalSection
	GlobalSection(SolutionProperties) = preSolution
		HideSolutionNode = FALSE
	EndGlobalSection
	GlobalSection(ExtensibilityGlobals) = postSolution
		SolutionGuid = {E9AC12DE-797D-42C2-844C-85E16AAB3425}
	EndGlobalSection
EndGlobal
